// !$*UTF8*$!
{
	archiveVersion = 1;
	classes = {
	};
	objectVersion = 46;
	objects = {

/* Begin PBXBuildFile section */
		DE65BD4317202E7700906546 /* DHengNotation.m in Sources */ = {isa = PBXBuildFile; fileRef = DE65BD4217202E7700906546 /* DHengNotation.m */; };
		DE65BD4517202E9500906546 /* EngNotation.c in Sources */ = {isa = PBXBuildFile; fileRef = DE65BD4417202E9500906546 /* EngNotation.c */; };
		DE65BD481720712900906546 /* README.md in Resources */ = {isa = PBXBuildFile; fileRef = DE65BD471720712900906546 /* README.md */; };
		DED3ADA8171F2D9900639650 /* UIKit.framework in Frameworks */ = {isa = PBXBuildFile; fileRef = DED3ADA7171F2D9900639650 /* UIKit.framework */; };
		DED3ADAA171F2D9900639650 /* Foundation.framework in Frameworks */ = {isa = PBXBuildFile; fileRef = DED3ADA9171F2D9900639650 /* Foundation.framework */; };
		DED3ADAC171F2D9900639650 /* CoreGraphics.framework in Frameworks */ = {isa = PBXBuildFile; fileRef = DED3ADAB171F2D9900639650 /* CoreGraphics.framework */; };
		DED3ADB2171F2D9900639650 /* InfoPlist.strings in Resources */ = {isa = PBXBuildFile; fileRef = DED3ADB0171F2D9900639650 /* InfoPlist.strings */; };
		DED3ADB4171F2D9900639650 /* main.m in Sources */ = {isa = PBXBuildFile; fileRef = DED3ADB3171F2D9900639650 /* main.m */; };
		DED3ADB8171F2D9900639650 /* AppDelegate.m in Sources */ = {isa = PBXBuildFile; fileRef = DED3ADB7171F2D9900639650 /* AppDelegate.m */; };
		DED3ADBA171F2D9900639650 /* Default.png in Resources */ = {isa = PBXBuildFile; fileRef = DED3ADB9171F2D9900639650 /* Default.png */; };
		DED3ADBC171F2D9900639650 /* Default@2x.png in Resources */ = {isa = PBXBuildFile; fileRef = DED3ADBB171F2D9900639650 /* Default@2x.png */; };
		DED3ADBE171F2D9900639650 /* Default-568h@2x.png in Resources */ = {isa = PBXBuildFile; fileRef = DED3ADBD171F2D9900639650 /* Default-568h@2x.png */; };
		DED3ADC1171F2D9900639650 /* ViewController.m in Sources */ = {isa = PBXBuildFile; fileRef = DED3ADC0171F2D9900639650 /* ViewController.m */; };
		DED3ADC4171F2D9900639650 /* ViewController.xib in Resources */ = {isa = PBXBuildFile; fileRef = DED3ADC2171F2D9900639650 /* ViewController.xib */; };
/* End PBXBuildFile section */

/* Begin PBXFileReference section */
		DE65BD4117202E7700906546 /* DHengNotation.h */ = {isa = PBXFileReference; fileEncoding = 4; lastKnownFileType = sourcecode.c.h; path = DHengNotation.h; sourceTree = "<group>"; };
		DE65BD4217202E7700906546 /* DHengNotation.m */ = {isa = PBXFileReference; fileEncoding = 4; lastKnownFileType = sourcecode.c.objc; path = DHengNotation.m; sourceTree = "<group>"; };
		DE65BD4417202E9500906546 /* EngNotation.c */ = {isa = PBXFileReference; fileEncoding = 4; lastKnownFileType = sourcecode.c.c; path = EngNotation.c; sourceTree = "<group>"; };
		DE65BD4617202EA700906546 /* EngNotation.h */ = {isa = PBXFileReference; lastKnownFileType = sourcecode.c.h; path = EngNotation.h; sourceTree = "<group>"; };
		DE65BD471720712900906546 /* README.md */ = {isa = PBXFileReference; fileEncoding = 4; lastKnownFileType = text; path = README.md; sourceTree = "<group>"; };
		DED3ADA4171F2D9900639650 /* EngineeringNotationFormatter.app */ = {isa = PBXFileReference; explicitFileType = wrapper.application; includeInIndex = 0; path = EngineeringNotationFormatter.app; sourceTree = BUILT_PRODUCTS_DIR; };
		DED3ADA7171F2D9900639650 /* UIKit.framework */ = {isa = PBXFileReference; lastKnownFileType = wrapper.framework; name = UIKit.framework; path = System/Library/Frameworks/UIKit.framework; sourceTree = SDKROOT; };
		DED3ADA9171F2D9900639650 /* Foundation.framework */ = {isa = PBXFileReference; lastKnownFileType = wrapper.framework; name = Foundation.framework; path = System/Library/Frameworks/Foundation.framework; sourceTree = SDKROOT; };
		DED3ADAB171F2D9900639650 /* CoreGraphics.framework */ = {isa = PBXFileReference; lastKnownFileType = wrapper.framework; name = CoreGraphics.framework; path = System/Library/Frameworks/CoreGraphics.framework; sourceTree = SDKROOT; };
		DED3ADAF171F2D9900639650 /* EngineeringNotationFormatter-Info.plist */ = {isa = PBXFileReference; lastKnownFileType = text.plist.xml; path = "EngineeringNotationFormatter-Info.plist"; sourceTree = "<group>"; };
		DED3ADB1171F2D9900639650 /* en */ = {isa = PBXFileReference; lastKnownFileType = text.plist.strings; name = en; path = en.lproj/InfoPlist.strings; sourceTree = "<group>"; };
		DED3ADB3171F2D9900639650 /* main.m */ = {isa = PBXFileReference; lastKnownFileType = sourcecode.c.objc; path = main.m; sourceTree = "<group>"; };
		DED3ADB5171F2D9900639650 /* EngineeringNotationFormatter-Prefix.pch */ = {isa = PBXFileReference; lastKnownFileType = sourcecode.c.h; path = "EngineeringNotationFormatter-Prefix.pch"; sourceTree = "<group>"; };
		DED3ADB6171F2D9900639650 /* AppDelegate.h */ = {isa = PBXFileReference; lastKnownFileType = sourcecode.c.h; path = AppDelegate.h; sourceTree = "<group>"; };
		DED3ADB7171F2D9900639650 /* AppDelegate.m */ = {isa = PBXFileReference; lastKnownFileType = sourcecode.c.objc; path = AppDelegate.m; sourceTree = "<group>"; };
		DED3ADB9171F2D9900639650 /* Default.png */ = {isa = PBXFileReference; lastKnownFileType = image.png; path = Default.png; sourceTree = "<group>"; };
		DED3ADBB171F2D9900639650 /* Default@2x.png */ = {isa = PBXFileReference; lastKnownFileType = image.png; path = "Default@2x.png"; sourceTree = "<group>"; };
		DED3ADBD171F2D9900639650 /* Default-568h@2x.png */ = {isa = PBXFileReference; lastKnownFileType = image.png; path = "Default-568h@2x.png"; sourceTree = "<group>"; };
		DED3ADBF171F2D9900639650 /* ViewController.h */ = {isa = PBXFileReference; lastKnownFileType = sourcecode.c.h; path = ViewController.h; sourceTree = "<group>"; };
		DED3ADC0171F2D9900639650 /* ViewController.m */ = {isa = PBXFileReference; lastKnownFileType = sourcecode.c.objc; path = ViewController.m; sourceTree = "<group>"; };
		DED3ADC3171F2D9900639650 /* en */ = {isa = PBXFileReference; lastKnownFileType = file.xib; name = en; path = en.lproj/ViewController.xib; sourceTree = "<group>"; };
/* End PBXFileReference section */

/* Begin PBXFrameworksBuildPhase section */
		DED3ADA1171F2D9900639650 /* Frameworks */ = {
			isa = PBXFrameworksBuildPhase;
			buildActionMask = 2147483647;
			files = (
				DED3ADA8171F2D9900639650 /* UIKit.framework in Frameworks */,
				DED3ADAA171F2D9900639650 /* Foundation.framework in Frameworks */,
				DED3ADAC171F2D9900639650 /* CoreGraphics.framework in Frameworks */,
			);
			runOnlyForDeploymentPostprocessing = 0;
		};
/* End PBXFrameworksBuildPhase section */

/* Begin PBXGroup section */
		DE65BD4017202E3400906546 /* YouNeedTheseFiles */ = {
			isa = PBXGroup;
			children = (
				DE65BD4117202E7700906546 /* DHengNotation.h */,
				DE65BD4217202E7700906546 /* DHengNotation.m */,
				DE65BD4617202EA700906546 /* EngNotation.h */,
				DE65BD4417202E9500906546 /* EngNotation.c */,
			);
			path = YouNeedTheseFiles;
			sourceTree = "<group>";
		};
		DED3AD9B171F2D9900639650 = {
			isa = PBXGroup;
			children = (
				DE65BD471720712900906546 /* README.md */,
				DED3ADAD171F2D9900639650 /* EngineeringNotationFormatter */,
				DED3ADA6171F2D9900639650 /* Frameworks */,
				DED3ADA5171F2D9900639650 /* Products */,
			);
			sourceTree = "<group>";
		};
		DED3ADA5171F2D9900639650 /* Products */ = {
			isa = PBXGroup;
			children = (
				DED3ADA4171F2D9900639650 /* EngineeringNotationFormatter.app */,
			);
			name = Products;
			sourceTree = "<group>";
		};
		DED3ADA6171F2D9900639650 /* Frameworks */ = {
			isa = PBXGroup;
			children = (
				DED3ADA7171F2D9900639650 /* UIKit.framework */,
				DED3ADA9171F2D9900639650 /* Foundation.framework */,
				DED3ADAB171F2D9900639650 /* CoreGraphics.framework */,
			);
			name = Frameworks;
			sourceTree = "<group>";
		};
		DED3ADAD171F2D9900639650 /* EngineeringNotationFormatter */ = {
			isa = PBXGroup;
			children = (
				DE65BD4017202E3400906546 /* YouNeedTheseFiles */,
				DED3ADB6171F2D9900639650 /* AppDelegate.h */,
				DED3ADB7171F2D9900639650 /* AppDelegate.m */,
				DED3ADBF171F2D9900639650 /* ViewController.h */,
				DED3ADC0171F2D9900639650 /* ViewController.m */,
				DED3ADC2171F2D9900639650 /* ViewController.xib */,
				DED3ADAE171F2D9900639650 /* Supporting Files */,
			);
			path = EngineeringNotationFormatter;
			sourceTree = "<group>";
		};
		DED3ADAE171F2D9900639650 /* Supporting Files */ = {
			isa = PBXGroup;
			children = (
				DED3ADAF171F2D9900639650 /* EngineeringNotationFormatter-Info.plist */,
				DED3ADB0171F2D9900639650 /* InfoPlist.strings */,
				DED3ADB3171F2D9900639650 /* main.m */,
				DED3ADB5171F2D9900639650 /* EngineeringNotationFormatter-Prefix.pch */,
				DED3ADB9171F2D9900639650 /* Default.png */,
				DED3ADBB171F2D9900639650 /* Default@2x.png */,
				DED3ADBD171F2D9900639650 /* Default-568h@2x.png */,
			);
			name = "Supporting Files";
			sourceTree = "<group>";
		};
/* End PBXGroup section */

/* Begin PBXNativeTarget section */
		DED3ADA3171F2D9900639650 /* EngineeringNotationFormatter */ = {
			isa = PBXNativeTarget;
			buildConfigurationList = DED3ADC7171F2D9900639650 /* Build configuration list for PBXNativeTarget "EngineeringNotationFormatter" */;
			buildPhases = (
				DED3ADA0171F2D9900639650 /* Sources */,
				DED3ADA1171F2D9900639650 /* Frameworks */,
				DED3ADA2171F2D9900639650 /* Resources */,
			);
			buildRules = (
			);
			dependencies = (
			);
			name = EngineeringNotationFormatter;
			productName = EngineeringNotationFormatter;
			productReference = DED3ADA4171F2D9900639650 /* EngineeringNotationFormatter.app */;
			productType = "com.apple.product-type.application";
		};
/* End PBXNativeTarget section */

/* Begin PBXProject section */
		DED3AD9C171F2D9900639650 /* Project object */ = {
			isa = PBXProject;
			attributes = {
				LastUpgradeCheck = 0460;
				ORGANIZATIONNAME = dhoerl;
			};
			buildConfigurationList = DED3AD9F171F2D9900639650 /* Build configuration list for PBXProject "EngineeringNotationFormatter" */;
			compatibilityVersion = "Xcode 3.2";
			developmentRegion = English;
			hasScannedForEncodings = 0;
			knownRegions = (
				en,
			);
			mainGroup = DED3AD9B171F2D9900639650;
			productRefGroup = DED3ADA5171F2D9900639650 /* Products */;
			projectDirPath = "";
			projectRoot = "";
			targets = (
				DED3ADA3171F2D9900639650 /* EngineeringNotationFormatter */,
			);
		};
/* End PBXProject section */

/* Begin PBXResourcesBuildPhase section */
		DED3ADA2171F2D9900639650 /* Resources */ = {
			isa = PBXResourcesBuildPhase;
			buildActionMask = 2147483647;
			files = (
				DED3ADB2171F2D9900639650 /* InfoPlist.strings in Resources */,
				DED3ADBA171F2D9900639650 /* Default.png in Resources */,
				DED3ADBC171F2D9900639650 /* Default@2x.png in Resources */,
				DED3ADBE171F2D9900639650 /* Default-568h@2x.png in Resources */,
				DED3ADC4171F2D9900639650 /* ViewController.xib in Resources */,
				DE65BD481720712900906546 /* README.md in Resources */,
			);
			runOnlyForDeploymentPostprocessing = 0;
		};
/* End PBXResourcesBuildPhase section */

/* Begin PBXSourcesBuildPhase section */
		DED3ADA0171F2D9900639650 /* Sources */ = {
			isa = PBXSourcesBuildPhase;
			buildActionMask = 2147483647;
			files = (
				DED3ADB4171F2D9900639650 /* main.m in Sources */,
				DED3ADB8171F2D9900639650 /* AppDelegate.m in Sources */,
				DED3ADC1171F2D9900639650 /* ViewController.m in Sources */,
				DE65BD4317202E7700906546 /* DHengNotation.m in Sources */,
				DE65BD4517202E9500906546 /* EngNotation.c in Sources */,
			);
			runOnlyForDeploymentPostprocessing = 0;
		};
/* End PBXSourcesBuildPhase section */

/* Begin PBXVariantGroup section */
		DED3ADB0171F2D9900639650 /* InfoPlist.strings */ = {
			isa = PBXVariantGroup;
			children = (
				DED3ADB1171F2D9900639650 /* en */,
			);
			name = InfoPlist.strings;
			sourceTree = "<group>";
		};
		DED3ADC2171F2D9900639650 /* ViewController.xib */ = {
			isa = PBXVariantGroup;
			children = (
				DED3ADC3171F2D9900639650 /* en */,
			);
			name = ViewController.xib;
			sourceTree = "<group>";
		};
/* End PBXVariantGroup section */

/* Begin XCBuildConfiguration section */
		DED3ADC5171F2D9900639650 /* Debug */ = {
			isa = XCBuildConfiguration;
			buildSettings = {
				ALWAYS_SEARCH_USER_PATHS = NO;
				CLANG_CXX_LANGUAGE_STANDARD = "gnu++0x";
				CLANG_CXX_LIBRARY = "libc++";
				CLANG_ENABLE_OBJC_ARC = YES;
				CLANG_WARN_CONSTANT_CONVERSION = YES;
				CLANG_WARN_EMPTY_BODY = YES;
				CLANG_WARN_ENUM_CONVERSION = YES;
				CLANG_WARN_INT_CONVERSION = YES;
				CLANG_WARN__DUPLICATE_METHOD_MATCH = YES;
				"CODE_SIGN_IDENTITY[sdk=iphoneos*]" = "iPhone Developer";
				COPY_PHASE_STRIP = NO;
				GCC_C_LANGUAGE_STANDARD = gnu99;
				GCC_DYNAMIC_NO_PIC = NO;
				GCC_OPTIMIZATION_LEVEL = 0;
				GCC_PREPROCESSOR_DEFINITIONS = (
					"DEBUG=1",
					"$(inherited)",
				);
				GCC_SYMBOLS_PRIVATE_EXTERN = NO;
				GCC_WARN_ABOUT_RETURN_TYPE = YES;
				GCC_WARN_UNINITIALIZED_AUTOS = YES;
				GCC_WARN_UNUSED_VARIABLE = YES;
				IPHONEOS_DEPLOYMENT_TARGET = 6.1;
				ONLY_ACTIVE_ARCH = YES;
				SDKROOT = iphoneos;
			};
			name = Debug;
		};
		DED3ADC6171F2D9900639650 /* Release */ = {
			isa = XCBuildConfiguration;
			buildSettings = {
				ALWAYS_SEARCH_USER_PATHS = NO;
				CLANG_CXX_LANGUAGE_STANDARD = "gnu++0x";
				CLANG_CXX_LIBRARY = "libc++";
				CLANG_ENABLE_OBJC_ARC = YES;
				CLANG_WARN_CONSTANT_CONVERSION = YES;
				CLANG_WARN_EMPTY_BODY = YES;
				CLANG_WARN_ENUM_CONVERSION = YES;
				CLANG_WARN_INT_CONVERSION = YES;
				CLANG_WARN__DUPLICATE_METHOD_MATCH = YES;
				"CODE_SIGN_IDENTITY[sdk=iphoneos*]" = "iPhone Developer";
				COPY_PHASE_STRIP = YES;
				GCC_C_LANGUAGE_STANDARD = gnu99;
				GCC_WARN_ABOUT_RETURN_TYPE = YES;
				GCC_WARN_UNINITIALIZED_AUTOS = YES;
				GCC_WARN_UNUSED_VARIABLE = YES;
				IPHONEOS_DEPLOYMENT_TARGET = 6.1;
				OTHER_CFLAGS = "-DNS_BLOCK_ASSERTIONS=1";
				SDKROOT = iphoneos;
				VALIDATE_PRODUCT = YES;
			};
			name = Release;
		};
		DED3ADC8171F2D9900639650 /* Debug */ = {
			isa = XCBuildConfiguration;
			buildSettings = {
				GCC_PRECOMPILE_PREFIX_HEADER = YES;
				GCC_PREFIX_HEADER = "EngineeringNotationFormatter/EngineeringNotationFormatter-Prefix.pch";
				INFOPLIST_FILE = "EngineeringNotationFormatter/EngineeringNotationFormatter-Info.plist";
				PRODUCT_NAME = "$(TARGET_NAME)";
				WRAPPER_EXTENSION = app;
			};
			name = Debug;
		};
		DED3ADC9171F2D9900639650 /* Release */ = {
			isa = XCBuildConfiguration;
			buildSettings = {
				GCC_PRECOMPILE_PREFIX_HEADER = YES;
				GCC_PREFIX_HEADER = "EngineeringNotationFormatter/EngineeringNotationFormatter-Prefix.pch";
				INFOPLIST_FILE = "EngineeringNotationFormatter/EngineeringNotationFormatter-Info.plist";
				PRODUCT_NAME = "$(TARGET_NAME)";
				WRAPPER_EXTENSION = app;
			};
			name = Release;
		};
/* End XCBuildConfiguration section */

/* Begin XCConfigurationList section */
		DED3AD9F171F2D9900639650 /* Build configuration list for PBXProject "EngineeringNotationFormatter" */ = {
			isa = XCConfigurationList;
			buildConfigurations = (
				DED3ADC5171F2D9900639650 /* Debug */,
				DED3ADC6171F2D9900639650 /* Release */,
			);
			defaultConfigurationIsVisible = 0;
			defaultConfigurationName = Release;
		};
		DED3ADC7171F2D9900639650 /* Build configuration list for PBXNativeTarget "EngineeringNotationFormatter" */ = {
			isa = XCConfigurationList;
			buildConfigurations = (
				DED3ADC8171F2D9900639650 /* Debug */,
				DED3ADC9171F2D9900639650 /* Release */,
			);
			defaultConfigurationIsVisible = 0;
			defaultConfigurationName = Release;
		};
/* End XCConfigurationList section */
	};
	rootObject = DED3AD9C171F2D9900639650 /* Project object */;
}
